
Microsoft Visual Studio Solution File, Format Version 12.00
# Visual Studio Version 16
VisualStudioVersion = 16.0.34031.81
MinimumVisualStudioVersion = 10.0.40219.1
Project("{2150E333-8FDC-42A3-9474-1A3956D46DE8}") = "Task0", "Task0", "{78D9909C-FC34-4A5C-9E1B-EDB42EC7D962}"
EndProject
Project("{FAE04EC0-301F-11D3-BF4B-00C04F79EFBC}") = "Tyuiu.KaverinED.Sprint1.Task0.V7", "Tyuiu.KaverinED.Sprint1.Task0.V0\Tyuiu.KaverinED.Sprint1.Task0.V7.csproj", "{51EAB651-4F53-40B5-8BE4-AA41CD8EE36B}"
EndProject
Project("{FAE04EC0-301F-11D3-BF4B-00C04F79EFBC}") = "Tyuiu.KaverinED.Sprint1.Task0.V7.Lib", "Tyuiu.KaverinED.Sprint1.Task0.V0.Lib\Tyuiu.KaverinED.Sprint1.Task0.V7.Lib.csproj", "{ADDAF903-6917-4EB4-BA21-19064BC6E9F2}"
EndProject
Project("{FAE04EC0-301F-11D3-BF4B-00C04F79EFBC}") = "Tyuiu.KaverinED.Sprint1.Task0.V7.Test", "Tyuiu.KaverinED.Sprint1.Task0.V0.Test\Tyuiu.KaverinED.Sprint1.Task0.V7.Test.csproj", "{10655E24-9783-44FB-B216-AE394BC8C3D0}"
EndProject
Project("{2150E333-8FDC-42A3-9474-1A3956D46DE8}") = "Task1", "Task1", "{0D7E1406-5D81-4961-B12C-945A53977688}"
EndProject
Project("{FAE04EC0-301F-11D3-BF4B-00C04F79EFBC}") = "Tyuiu.KaverinED.Sprint1.Task1.V7", "Tyuiu.KaverinED.Sprint1.Task1.V7\Tyuiu.KaverinED.Sprint1.Task1.V7.csproj", "{E9BAF0CB-452A-4665-80AB-7774B17EAD57}"
EndProject
Project("{FAE04EC0-301F-11D3-BF4B-00C04F79EFBC}") = "Tyuiu.KaverinED.Sprint1.Task1.V7.Test", "Tyuiu.KaverinED.Sprint1.Task1.V7.Test\Tyuiu.KaverinED.Sprint1.Task1.V7.Test.csproj", "{DF88DAB1-4126-4A09-98A3-EE627D89DCDD}"
EndProject
Project("{FAE04EC0-301F-11D3-BF4B-00C04F79EFBC}") = "Tyuiu.KaverinED.Sprint1.Task1.V7.Lib", "Tyuiu.KaverinED.Sprint1.Task1.V7.Lib\Tyuiu.KaverinED.Sprint1.Task1.V7.Lib.csproj", "{28C07306-509F-4110-9AAB-07CA60B2014E}"
EndProject
Project("{2150E333-8FDC-42A3-9474-1A3956D46DE8}") = "Task2", "Task2", "{EDEF96D3-3B11-4C34-BE25-769A34BD0E77}"
EndProject
Project("{FAE04EC0-301F-11D3-BF4B-00C04F79EFBC}") = "Tyuiu.KaverinED.Sprint1.Task2.V23", "Tyuiu.KaverinED.Sprint1.Task2.V23\Tyuiu.KaverinED.Sprint1.Task2.V23.csproj", "{71DD4731-DC17-48EF-B74A-9C6E029BC446}"
EndProject
Project("{FAE04EC0-301F-11D3-BF4B-00C04F79EFBC}") = "Tyuiu.KaverinED.Sprint1.Task2.V23.Lib", "Tyuiu.KaverinED.Sprint1.Task2.V23.Lib\Tyuiu.KaverinED.Sprint1.Task2.V23.Lib.csproj", "{3E5A4957-D270-4596-A640-60C96AF0D739}"
EndProject
Project("{FAE04EC0-301F-11D3-BF4B-00C04F79EFBC}") = "Tyuiu.KaverinED.Sprint1.Task2.V23.Test", "Tyuiu.KaverinED.Sprint1.Task2.V23.Test\Tyuiu.KaverinED.Sprint1.Task2.V23.Test.csproj", "{9458F391-81E9-4B3F-B5F3-DECF1F7C9206}"
EndProject
Project("{2150E333-8FDC-42A3-9474-1A3956D46DE8}") = "Task3", "Task3", "{AA1700BF-83AF-4048-9326-18319B6D4DC5}"
EndProject
Project("{FAE04EC0-301F-11D3-BF4B-00C04F79EFBC}") = "Tyuiu.KaverinED.Sprint1.Task3.V18", "Tyuiu.KaverinED.Sprint1.Task3.V18\Tyuiu.KaverinED.Sprint1.Task3.V18.csproj", "{E23C4E66-D5E4-4DA4-A655-3994280B5574}"
EndProject
Project("{FAE04EC0-301F-11D3-BF4B-00C04F79EFBC}") = "Tyuiu.KaverinED.Sprint1.Task3.V18.Lib", "Tyuiu.KaverinED.Sprint1.Task3.V18.Lib\Tyuiu.KaverinED.Sprint1.Task3.V18.Lib.csproj", "{D7788D1D-CA65-4738-B522-FC23CFB6E4E4}"
EndProject
Project("{FAE04EC0-301F-11D3-BF4B-00C04F79EFBC}") = "Tyuiu.KaverinED.Sprint1.Task3.V18.Test", "Tyuiu.KaverinED.Sprint1.Task3.V18.Test\Tyuiu.KaverinED.Sprint1.Task3.V18.Test.csproj", "{BB4291E3-94D6-4A86-B22E-9BD8336589E2}"
EndProject
Project("{2150E333-8FDC-42A3-9474-1A3956D46DE8}") = "Task4", "Task4", "{E33E05F5-B7D2-4634-92B0-5E8D4289CB0B}"
EndProject
Project("{FAE04EC0-301F-11D3-BF4B-00C04F79EFBC}") = "Tyuiu.KaverinED.Sprint1.Task4.V4", "Tyuiu.KaverinED.Sprint1.Task4.V4\Tyuiu.KaverinED.Sprint1.Task4.V4.csproj", "{51573D9C-BB1F-4D87-8CEA-68D5D8E7FD80}"
EndProject
Project("{FAE04EC0-301F-11D3-BF4B-00C04F79EFBC}") = "Tyuiu.KaverinED.Sprint1.Task4.V4.Lib", "Tyuiu.KaverinED.Sprint1.Task4.V4.Lib\Tyuiu.KaverinED.Sprint1.Task4.V4.Lib.csproj", "{760B84FC-2064-45CB-A346-2E4B3C5F6008}"
EndProject
Project("{FAE04EC0-301F-11D3-BF4B-00C04F79EFBC}") = "Tyuiu.KaverinED.Sprint1.Task4.V4.Test", "Tyuiu.KaverinED.Sprint1.Task4.V4.Test\Tyuiu.KaverinED.Sprint1.Task4.V4.Test.csproj", "{59A68B4E-A41E-44A2-AEB7-3BB6C2303BA7}"
EndProject
Project("{FAE04EC0-301F-11D3-BF4B-00C04F79EFBC}") = "Tyuiu.KaverinED.Sprint1.Task5.V6", "Tyuiu.KaverinED.Sprint1.Task5.V6\Tyuiu.KaverinED.Sprint1.Task5.V6.csproj", "{C4608202-D061-4312-94C3-3823DBDC5194}"
EndProject
Project("{2150E333-8FDC-42A3-9474-1A3956D46DE8}") = "Task5", "Task5", "{BD02F24F-9757-4B0D-9754-E21F42B67D68}"
EndProject
Project("{FAE04EC0-301F-11D3-BF4B-00C04F79EFBC}") = "Tyuiu.KaverinED.Sprint1.Task5.V6.Lib", "Tyuiu.KaverinED.Sprint1.Task5.V6.Lib\Tyuiu.KaverinED.Sprint1.Task5.V6.Lib.csproj", "{D5CD8876-BC60-46E2-B938-0C00417CA692}"
EndProject
Project("{FAE04EC0-301F-11D3-BF4B-00C04F79EFBC}") = "Tyuiu.KaverinED.Sprint1.Task5.V6.Test", "Tyuiu.KaverinED.Sprint1.Task5.V6.Test\Tyuiu.KaverinED.Sprint1.Task5.V6.Test.csproj", "{BBBFD7C6-20F7-4C7C-BEDF-6CC7F30A1940}"
EndProject
Global
	GlobalSection(SolutionConfigurationPlatforms) = preSolution
		Debug|Any CPU = Debug|Any CPU
		Release|Any CPU = Release|Any CPU
	EndGlobalSection
	GlobalSection(ProjectConfigurationPlatforms) = postSolution
		{51EAB651-4F53-40B5-8BE4-AA41CD8EE36B}.Debug|Any CPU.ActiveCfg = Debug|Any CPU
		{51EAB651-4F53-40B5-8BE4-AA41CD8EE36B}.Debug|Any CPU.Build.0 = Debug|Any CPU
		{51EAB651-4F53-40B5-8BE4-AA41CD8EE36B}.Release|Any CPU.ActiveCfg = Release|Any CPU
		{51EAB651-4F53-40B5-8BE4-AA41CD8EE36B}.Release|Any CPU.Build.0 = Release|Any CPU
		{ADDAF903-6917-4EB4-BA21-19064BC6E9F2}.Debug|Any CPU.ActiveCfg = Debug|Any CPU
		{ADDAF903-6917-4EB4-BA21-19064BC6E9F2}.Debug|Any CPU.Build.0 = Debug|Any CPU
		{ADDAF903-6917-4EB4-BA21-19064BC6E9F2}.Release|Any CPU.ActiveCfg = Release|Any CPU
		{ADDAF903-6917-4EB4-BA21-19064BC6E9F2}.Release|Any CPU.Build.0 = Release|Any CPU
		{10655E24-9783-44FB-B216-AE394BC8C3D0}.Debug|Any CPU.ActiveCfg = Debug|Any CPU
		{10655E24-9783-44FB-B216-AE394BC8C3D0}.Debug|Any CPU.Build.0 = Debug|Any CPU
		{10655E24-9783-44FB-B216-AE394BC8C3D0}.Release|Any CPU.ActiveCfg = Release|Any CPU
		{10655E24-9783-44FB-B216-AE394BC8C3D0}.Release|Any CPU.Build.0 = Release|Any CPU
		{E9BAF0CB-452A-4665-80AB-7774B17EAD57}.Debug|Any CPU.ActiveCfg = Debug|Any CPU
		{E9BAF0CB-452A-4665-80AB-7774B17EAD57}.Debug|Any CPU.Build.0 = Debug|Any CPU
		{E9BAF0CB-452A-4665-80AB-7774B17EAD57}.Release|Any CPU.ActiveCfg = Release|Any CPU
		{E9BAF0CB-452A-4665-80AB-7774B17EAD57}.Release|Any CPU.Build.0 = Release|Any CPU
		{DF88DAB1-4126-4A09-98A3-EE627D89DCDD}.Debug|Any CPU.ActiveCfg = Debug|Any CPU
		{DF88DAB1-4126-4A09-98A3-EE627D89DCDD}.Debug|Any CPU.Build.0 = Debug|Any CPU
		{DF88DAB1-4126-4A09-98A3-EE627D89DCDD}.Release|Any CPU.ActiveCfg = Release|Any CPU
		{DF88DAB1-4126-4A09-98A3-EE627D89DCDD}.Release|Any CPU.Build.0 = Release|Any CPU
		{28C07306-509F-4110-9AAB-07CA60B2014E}.Debug|Any CPU.ActiveCfg = Debug|Any CPU
		{28C07306-509F-4110-9AAB-07CA60B2014E}.Debug|Any CPU.Build.0 = Debug|Any CPU
		{28C07306-509F-4110-9AAB-07CA60B2014E}.Release|Any CPU.ActiveCfg = Release|Any CPU
		{28C07306-509F-4110-9AAB-07CA60B2014E}.Release|Any CPU.Build.0 = Release|Any CPU
		{71DD4731-DC17-48EF-B74A-9C6E029BC446}.Debug|Any CPU.ActiveCfg = Debug|Any CPU
		{71DD4731-DC17-48EF-B74A-9C6E029BC446}.Debug|Any CPU.Build.0 = Debug|Any CPU
		{71DD4731-DC17-48EF-B74A-9C6E029BC446}.Release|Any CPU.ActiveCfg = Release|Any CPU
		{71DD4731-DC17-48EF-B74A-9C6E029BC446}.Release|Any CPU.Build.0 = Release|Any CPU
		{3E5A4957-D270-4596-A640-60C96AF0D739}.Debug|Any CPU.ActiveCfg = Debug|Any CPU
		{3E5A4957-D270-4596-A640-60C96AF0D739}.Debug|Any CPU.Build.0 = Debug|Any CPU
		{3E5A4957-D270-4596-A640-60C96AF0D739}.Release|Any CPU.ActiveCfg = Release|Any CPU
		{3E5A4957-D270-4596-A640-60C96AF0D739}.Release|Any CPU.Build.0 = Release|Any CPU
		{9458F391-81E9-4B3F-B5F3-DECF1F7C9206}.Debug|Any CPU.ActiveCfg = Debug|Any CPU
		{9458F391-81E9-4B3F-B5F3-DECF1F7C9206}.Debug|Any CPU.Build.0 = Debug|Any CPU
		{9458F391-81E9-4B3F-B5F3-DECF1F7C9206}.Release|Any CPU.ActiveCfg = Release|Any CPU
		{9458F391-81E9-4B3F-B5F3-DECF1F7C9206}.Release|Any CPU.Build.0 = Release|Any CPU
		{E23C4E66-D5E4-4DA4-A655-3994280B5574}.Debug|Any CPU.ActiveCfg = Debug|Any CPU
		{E23C4E66-D5E4-4DA4-A655-3994280B5574}.Debug|Any CPU.Build.0 = Debug|Any CPU
		{E23C4E66-D5E4-4DA4-A655-3994280B5574}.Release|Any CPU.ActiveCfg = Release|Any CPU
		{E23C4E66-D5E4-4DA4-A655-3994280B5574}.Release|Any CPU.Build.0 = Release|Any CPU
		{D7788D1D-CA65-4738-B522-FC23CFB6E4E4}.Debug|Any CPU.ActiveCfg = Debug|Any CPU
		{D7788D1D-CA65-4738-B522-FC23CFB6E4E4}.Debug|Any CPU.Build.0 = Debug|Any CPU
		{D7788D1D-CA65-4738-B522-FC23CFB6E4E4}.Release|Any CPU.ActiveCfg = Release|Any CPU
		{D7788D1D-CA65-4738-B522-FC23CFB6E4E4}.Release|Any CPU.Build.0 = Release|Any CPU
		{BB4291E3-94D6-4A86-B22E-9BD8336589E2}.Debug|Any CPU.ActiveCfg = Debug|Any CPU
		{BB4291E3-94D6-4A86-B22E-9BD8336589E2}.Debug|Any CPU.Build.0 = Debug|Any CPU
		{BB4291E3-94D6-4A86-B22E-9BD8336589E2}.Release|Any CPU.ActiveCfg = Release|Any CPU
		{BB4291E3-94D6-4A86-B22E-9BD8336589E2}.Release|Any CPU.Build.0 = Release|Any CPU
		{51573D9C-BB1F-4D87-8CEA-68D5D8E7FD80}.Debug|Any CPU.ActiveCfg = Debug|Any CPU
		{51573D9C-BB1F-4D87-8CEA-68D5D8E7FD80}.Debug|Any CPU.Build.0 = Debug|Any CPU
		{51573D9C-BB1F-4D87-8CEA-68D5D8E7FD80}.Release|Any CPU.ActiveCfg = Release|Any CPU
		{51573D9C-BB1F-4D87-8CEA-68D5D8E7FD80}.Release|Any CPU.Build.0 = Release|Any CPU
		{760B84FC-2064-45CB-A346-2E4B3C5F6008}.Debug|Any CPU.ActiveCfg = Debug|Any CPU
		{760B84FC-2064-45CB-A346-2E4B3C5F6008}.Debug|Any CPU.Build.0 = Debug|Any CPU
		{760B84FC-2064-45CB-A346-2E4B3C5F6008}.Release|Any CPU.ActiveCfg = Release|Any CPU
		{760B84FC-2064-45CB-A346-2E4B3C5F6008}.Release|Any CPU.Build.0 = Release|Any CPU
		{59A68B4E-A41E-44A2-AEB7-3BB6C2303BA7}.Debug|Any CPU.ActiveCfg = Debug|Any CPU
		{59A68B4E-A41E-44A2-AEB7-3BB6C2303BA7}.Debug|Any CPU.Build.0 = Debug|Any CPU
		{59A68B4E-A41E-44A2-AEB7-3BB6C2303BA7}.Release|Any CPU.ActiveCfg = Release|Any CPU
		{59A68B4E-A41E-44A2-AEB7-3BB6C2303BA7}.Release|Any CPU.Build.0 = Release|Any CPU
		{C4608202-D061-4312-94C3-3823DBDC5194}.Debug|Any CPU.ActiveCfg = Debug|Any CPU
		{C4608202-D061-4312-94C3-3823DBDC5194}.Debug|Any CPU.Build.0 = Debug|Any CPU
		{C4608202-D061-4312-94C3-3823DBDC5194}.Release|Any CPU.ActiveCfg = Release|Any CPU
		{C4608202-D061-4312-94C3-3823DBDC5194}.Release|Any CPU.Build.0 = Release|Any CPU
		{D5CD8876-BC60-46E2-B938-0C00417CA692}.Debug|Any CPU.ActiveCfg = Debug|Any CPU
		{D5CD8876-BC60-46E2-B938-0C00417CA692}.Debug|Any CPU.Build.0 = Debug|Any CPU
		{D5CD8876-BC60-46E2-B938-0C00417CA692}.Release|Any CPU.ActiveCfg = Release|Any CPU
		{D5CD8876-BC60-46E2-B938-0C00417CA692}.Release|Any CPU.Build.0 = Release|Any CPU
		{BBBFD7C6-20F7-4C7C-BEDF-6CC7F30A1940}.Debug|Any CPU.ActiveCfg = Debug|Any CPU
		{BBBFD7C6-20F7-4C7C-BEDF-6CC7F30A1940}.Debug|Any CPU.Build.0 = Debug|Any CPU
		{BBBFD7C6-20F7-4C7C-BEDF-6CC7F30A1940}.Release|Any CPU.ActiveCfg = Release|Any CPU
		{BBBFD7C6-20F7-4C7C-BEDF-6CC7F30A1940}.Release|Any CPU.Build.0 = Release|Any CPU
	EndGlobalSection
	GlobalSection(SolutionProperties) = preSolution
		HideSolutionNode = FALSE
	EndGlobalSection
	GlobalSection(NestedProjects) = preSolution
		{51EAB651-4F53-40B5-8BE4-AA41CD8EE36B} = {78D9909C-FC34-4A5C-9E1B-EDB42EC7D962}
		{ADDAF903-6917-4EB4-BA21-19064BC6E9F2} = {78D9909C-FC34-4A5C-9E1B-EDB42EC7D962}
		{10655E24-9783-44FB-B216-AE394BC8C3D0} = {78D9909C-FC34-4A5C-9E1B-EDB42EC7D962}
		{E9BAF0CB-452A-4665-80AB-7774B17EAD57} = {0D7E1406-5D81-4961-B12C-945A53977688}
		{DF88DAB1-4126-4A09-98A3-EE627D89DCDD} = {0D7E1406-5D81-4961-B12C-945A53977688}
		{28C07306-509F-4110-9AAB-07CA60B2014E} = {0D7E1406-5D81-4961-B12C-945A53977688}
		{71DD4731-DC17-48EF-B74A-9C6E029BC446} = {EDEF96D3-3B11-4C34-BE25-769A34BD0E77}
		{3E5A4957-D270-4596-A640-60C96AF0D739} = {EDEF96D3-3B11-4C34-BE25-769A34BD0E77}
		{9458F391-81E9-4B3F-B5F3-DECF1F7C9206} = {EDEF96D3-3B11-4C34-BE25-769A34BD0E77}
		{E23C4E66-D5E4-4DA4-A655-3994280B5574} = {AA1700BF-83AF-4048-9326-18319B6D4DC5}
		{D7788D1D-CA65-4738-B522-FC23CFB6E4E4} = {AA1700BF-83AF-4048-9326-18319B6D4DC5}
		{BB4291E3-94D6-4A86-B22E-9BD8336589E2} = {AA1700BF-83AF-4048-9326-18319B6D4DC5}
		{51573D9C-BB1F-4D87-8CEA-68D5D8E7FD80} = {E33E05F5-B7D2-4634-92B0-5E8D4289CB0B}
		{760B84FC-2064-45CB-A346-2E4B3C5F6008} = {E33E05F5-B7D2-4634-92B0-5E8D4289CB0B}
		{59A68B4E-A41E-44A2-AEB7-3BB6C2303BA7} = {E33E05F5-B7D2-4634-92B0-5E8D4289CB0B}
		{C4608202-D061-4312-94C3-3823DBDC5194} = {BD02F24F-9757-4B0D-9754-E21F42B67D68}
		{D5CD8876-BC60-46E2-B938-0C00417CA692} = {BD02F24F-9757-4B0D-9754-E21F42B67D68}
		{BBBFD7C6-20F7-4C7C-BEDF-6CC7F30A1940} = {BD02F24F-9757-4B0D-9754-E21F42B67D68}
	EndGlobalSection
	GlobalSection(ExtensibilityGlobals) = postSolution
		SolutionGuid = {0DBBFCEC-062C-4074-BFF4-34A1D059DF20}
	EndGlobalSection
EndGlobal
